
Microsoft Visual Studio Solution File, Format Version 12.00
# Visual Studio 15
VisualStudioVersion = 15.0.27428.2015
MinimumVisualStudioVersion = 10.0.40219.1
Project("{FAE04EC0-301F-11D3-BF4B-00C04F79EFBC}") = "LO.EKPMJA", "LO.EKPMJA\LO.EKPMJA.csproj", "{745A6E7B-CE3A-4CCE-BF0E-2DF10EEDB693}"
EndProject
Project("{FAE04EC0-301F-11D3-BF4B-00C04F79EFBC}") = "LO.EKPMJA.Models", "LO.EKPMJA.Models\LO.EKPMJA.Models.csproj", "{8705C0E8-A8C8-47DF-97DB-B841BF20F14D}"
EndProject
Project("{FAE04EC0-301F-11D3-BF4B-00C04F79EFBC}") = "LO.EKPMJA.Desktop", "LO.EKPMJA.Desktop\LO.EKPMJA.Desktop.csproj", "{76222211-5990-4629-A950-855DFEB30D77}"
EndProject
Global
	GlobalSection(SolutionConfigurationPlatforms) = preSolution
		Debug|Any CPU = Debug|Any CPU
		Release|Any CPU = Release|Any CPU
	EndGlobalSection
	GlobalSection(ProjectConfigurationPlatforms) = postSolution
		{745A6E7B-CE3A-4CCE-BF0E-2DF10EEDB693}.Debug|Any CPU.ActiveCfg = Debug|Any CPU
		{745A6E7B-CE3A-4CCE-BF0E-2DF10EEDB693}.Debug|Any CPU.Build.0 = Debug|Any CPU
		{745A6E7B-CE3A-4CCE-BF0E-2DF10EEDB693}.Release|Any CPU.ActiveCfg = Release|Any CPU
		{745A6E7B-CE3A-4CCE-BF0E-2DF10EEDB693}.Release|Any CPU.Build.0 = Release|Any CPU
		{8705C0E8-A8C8-47DF-97DB-B841BF20F14D}.Debug|Any CPU.ActiveCfg = Debug|Any CPU
		{8705C0E8-A8C8-47DF-97DB-B841BF20F14D}.Debug|Any CPU.Build.0 = Debug|Any CPU
		{8705C0E8-A8C8-47DF-97DB-B841BF20F14D}.Release|Any CPU.ActiveCfg = Release|Any CPU
		{8705C0E8-A8C8-47DF-97DB-B841BF20F14D}.Release|Any CPU.Build.0 = Release|Any CPU
		{76222211-5990-4629-A950-855DFEB30D77}.Debug|Any CPU.ActiveCfg = Debug|Any CPU
		{76222211-5990-4629-A950-855DFEB30D77}.Debug|Any CPU.Build.0 = Debug|Any CPU
		{76222211-5990-4629-A950-855DFEB30D77}.Release|Any CPU.ActiveCfg = Release|Any CPU
		{76222211-5990-4629-A950-855DFEB30D77}.Release|Any CPU.Build.0 = Release|Any CPU
	EndGlobalSection
	GlobalSection(SolutionProperties) = preSolution
		HideSolutionNode = FALSE
	EndGlobalSection
	GlobalSection(ExtensibilityGlobals) = postSolution
		SolutionGuid = {5219546E-5D9B-4EE4-B854-FE4FC1C16235}
	EndGlobalSection
EndGlobal
